
Microsoft Visual Studio Solution File, Format Version 12.00
# Visual Studio Version 17
VisualStudioVersion = 17.6.33829.357
MinimumVisualStudioVersion = 10.0.40219.1
Project("{FAE04EC0-301F-11D3-BF4B-00C04F79EFBC}") = "MiPrimeraApp01.Android", "MiPrimeraApp01.Android\MiPrimeraApp01.Android.csproj", "{8149B0D4-B733-4EC2-BCD7-8BB51C061655}"
EndProject
Project("{FAE04EC0-301F-11D3-BF4B-00C04F79EFBC}") = "MiPrimeraApp01", "MiPrimeraApp01\MiPrimeraApp01.csproj", "{1C2CDA71-B171-4E86-A78A-AB364D4515D1}"
EndProject
Global
	GlobalSection(SolutionConfigurationPlatforms) = preSolution
		Debug|Any CPU = Debug|Any CPU
		Release|Any CPU = Release|Any CPU
	EndGlobalSection
	GlobalSection(ProjectConfigurationPlatforms) = postSolution
		{8149B0D4-B733-4EC2-BCD7-8BB51C061655}.Debug|Any CPU.ActiveCfg = Debug|Any CPU
		{8149B0D4-B733-4EC2-BCD7-8BB51C061655}.Debug|Any CPU.Build.0 = Debug|Any CPU
		{8149B0D4-B733-4EC2-BCD7-8BB51C061655}.Debug|Any CPU.Deploy.0 = Debug|Any CPU
		{8149B0D4-B733-4EC2-BCD7-8BB51C061655}.Release|Any CPU.ActiveCfg = Release|Any CPU
		{8149B0D4-B733-4EC2-BCD7-8BB51C061655}.Release|Any CPU.Build.0 = Release|Any CPU
		{8149B0D4-B733-4EC2-BCD7-8BB51C061655}.Release|Any CPU.Deploy.0 = Release|Any CPU
		{1C2CDA71-B171-4E86-A78A-AB364D4515D1}.Debug|Any CPU.ActiveCfg = Debug|Any CPU
		{1C2CDA71-B171-4E86-A78A-AB364D4515D1}.Debug|Any CPU.Build.0 = Debug|Any CPU
		{1C2CDA71-B171-4E86-A78A-AB364D4515D1}.Debug|Any CPU.Deploy.0 = Debug|Any CPU
		{1C2CDA71-B171-4E86-A78A-AB364D4515D1}.Release|Any CPU.ActiveCfg = Release|Any CPU
		{1C2CDA71-B171-4E86-A78A-AB364D4515D1}.Release|Any CPU.Build.0 = Release|Any CPU
		{1C2CDA71-B171-4E86-A78A-AB364D4515D1}.Release|Any CPU.Deploy.0 = Release|Any CPU
	EndGlobalSection
	GlobalSection(SolutionProperties) = preSolution
		HideSolutionNode = FALSE
	EndGlobalSection
	GlobalSection(ExtensibilityGlobals) = postSolution
		SolutionGuid = {BE715A05-5EDC-453A-B2E3-08BDE3755FB4}
	EndGlobalSection
EndGlobal
